
Microsoft Visual Studio Solution File, Format Version 12.00
# Visual Studio Version 16
VisualStudioVersion = 16.0.32002.261
MinimumVisualStudioVersion = 10.0.40219.1
Project("{FAE04EC0-301F-11D3-BF4B-00C04F79EFBC}") = "Notes.Android", "Notes.Android\Notes.Android.csproj", "{F3009753-094E-4907-8031-B9CEA8A4B382}"
EndProject
Project("{FAE04EC0-301F-11D3-BF4B-00C04F79EFBC}") = "Notes.iOS", "Notes.iOS\Notes.iOS.csproj", "{536A34B1-CA91-4B8A-AD25-66BE264BC6CD}"
EndProject
Project("{FAE04EC0-301F-11D3-BF4B-00C04F79EFBC}") = "Notes", "Notes\Notes.csproj", "{423C5654-D876-46F2-BA29-1647F818188A}"
EndProject
Global
	GlobalSection(SolutionConfigurationPlatforms) = preSolution
		Debug|Any CPU = Debug|Any CPU
		Debug|iPhone = Debug|iPhone
		Debug|iPhoneSimulator = Debug|iPhoneSimulator
		Release|Any CPU = Release|Any CPU
		Release|iPhone = Release|iPhone
		Release|iPhoneSimulator = Release|iPhoneSimulator
	EndGlobalSection
	GlobalSection(ProjectConfigurationPlatforms) = postSolution
		{F3009753-094E-4907-8031-B9CEA8A4B382}.Debug|Any CPU.ActiveCfg = Debug|Any CPU
		{F3009753-094E-4907-8031-B9CEA8A4B382}.Debug|Any CPU.Build.0 = Debug|Any CPU
		{F3009753-094E-4907-8031-B9CEA8A4B382}.Debug|Any CPU.Deploy.0 = Debug|Any CPU
		{F3009753-094E-4907-8031-B9CEA8A4B382}.Debug|iPhone.ActiveCfg = Debug|Any CPU
		{F3009753-094E-4907-8031-B9CEA8A4B382}.Debug|iPhone.Build.0 = Debug|Any CPU
		{F3009753-094E-4907-8031-B9CEA8A4B382}.Debug|iPhone.Deploy.0 = Debug|Any CPU
		{F3009753-094E-4907-8031-B9CEA8A4B382}.Debug|iPhoneSimulator.ActiveCfg = Debug|Any CPU
		{F3009753-094E-4907-8031-B9CEA8A4B382}.Debug|iPhoneSimulator.Build.0 = Debug|Any CPU
		{F3009753-094E-4907-8031-B9CEA8A4B382}.Debug|iPhoneSimulator.Deploy.0 = Debug|Any CPU
		{F3009753-094E-4907-8031-B9CEA8A4B382}.Release|Any CPU.ActiveCfg = Release|Any CPU
		{F3009753-094E-4907-8031-B9CEA8A4B382}.Release|Any CPU.Build.0 = Release|Any CPU
		{F3009753-094E-4907-8031-B9CEA8A4B382}.Release|Any CPU.Deploy.0 = Release|Any CPU
		{F3009753-094E-4907-8031-B9CEA8A4B382}.Release|iPhone.ActiveCfg = Release|Any CPU
		{F3009753-094E-4907-8031-B9CEA8A4B382}.Release|iPhone.Build.0 = Release|Any CPU
		{F3009753-094E-4907-8031-B9CEA8A4B382}.Release|iPhone.Deploy.0 = Release|Any CPU
		{F3009753-094E-4907-8031-B9CEA8A4B382}.Release|iPhoneSimulator.ActiveCfg = Release|Any CPU
		{F3009753-094E-4907-8031-B9CEA8A4B382}.Release|iPhoneSimulator.Build.0 = Release|Any CPU
		{F3009753-094E-4907-8031-B9CEA8A4B382}.Release|iPhoneSimulator.Deploy.0 = Release|Any CPU
		{536A34B1-CA91-4B8A-AD25-66BE264BC6CD}.Debug|Any CPU.ActiveCfg = Debug|iPhone
		{536A34B1-CA91-4B8A-AD25-66BE264BC6CD}.Debug|Any CPU.Build.0 = Debug|iPhone
		{536A34B1-CA91-4B8A-AD25-66BE264BC6CD}.Debug|Any CPU.Deploy.0 = Debug|iPhone
		{536A34B1-CA91-4B8A-AD25-66BE264BC6CD}.Debug|iPhone.ActiveCfg = Debug|iPhone
		{536A34B1-CA91-4B8A-AD25-66BE264BC6CD}.Debug|iPhone.Build.0 = Debug|iPhone
		{536A34B1-CA91-4B8A-AD25-66BE264BC6CD}.Debug|iPhone.Deploy.0 = Debug|iPhone
		{536A34B1-CA91-4B8A-AD25-66BE264BC6CD}.Debug|iPhoneSimulator.ActiveCfg = Debug|iPhoneSimulator
		{536A34B1-CA91-4B8A-AD25-66BE264BC6CD}.Debug|iPhoneSimulator.Build.0 = Debug|iPhoneSimulator
		{536A34B1-CA91-4B8A-AD25-66BE264BC6CD}.Debug|iPhoneSimulator.Deploy.0 = Debug|iPhoneSimulator
		{536A34B1-CA91-4B8A-AD25-66BE264BC6CD}.Release|Any CPU.ActiveCfg = Release|iPhoneSimulator
		{536A34B1-CA91-4B8A-AD25-66BE264BC6CD}.Release|Any CPU.Build.0 = Release|iPhoneSimulator
		{536A34B1-CA91-4B8A-AD25-66BE264BC6CD}.Release|Any CPU.Deploy.0 = Release|iPhoneSimulator
		{536A34B1-CA91-4B8A-AD25-66BE264BC6CD}.Release|iPhone.ActiveCfg = Release|iPhone
		{536A34B1-CA91-4B8A-AD25-66BE264BC6CD}.Release|iPhone.Build.0 = Release|iPhone
		{536A34B1-CA91-4B8A-AD25-66BE264BC6CD}.Release|iPhone.Deploy.0 = Release|iPhone
		{536A34B1-CA91-4B8A-AD25-66BE264BC6CD}.Release|iPhoneSimulator.ActiveCfg = Release|iPhoneSimulator
		{536A34B1-CA91-4B8A-AD25-66BE264BC6CD}.Release|iPhoneSimulator.Build.0 = Release|iPhoneSimulator
		{536A34B1-CA91-4B8A-AD25-66BE264BC6CD}.Release|iPhoneSimulator.Deploy.0 = Release|iPhoneSimulator
		{423C5654-D876-46F2-BA29-1647F818188A}.Debug|Any CPU.ActiveCfg = Debug|Any CPU
		{423C5654-D876-46F2-BA29-1647F818188A}.Debug|Any CPU.Build.0 = Debug|Any CPU
		{423C5654-D876-46F2-BA29-1647F818188A}.Debug|Any CPU.Deploy.0 = Debug|Any CPU
		{423C5654-D876-46F2-BA29-1647F818188A}.Debug|iPhone.ActiveCfg = Debug|Any CPU
		{423C5654-D876-46F2-BA29-1647F818188A}.Debug|iPhone.Build.0 = Debug|Any CPU
		{423C5654-D876-46F2-BA29-1647F818188A}.Debug|iPhone.Deploy.0 = Debug|Any CPU
		{423C5654-D876-46F2-BA29-1647F818188A}.Debug|iPhoneSimulator.ActiveCfg = Debug|Any CPU
		{423C5654-D876-46F2-BA29-1647F818188A}.Debug|iPhoneSimulator.Build.0 = Debug|Any CPU
		{423C5654-D876-46F2-BA29-1647F818188A}.Debug|iPhoneSimulator.Deploy.0 = Debug|Any CPU
		{423C5654-D876-46F2-BA29-1647F818188A}.Release|Any CPU.ActiveCfg = Release|Any CPU
		{423C5654-D876-46F2-BA29-1647F818188A}.Release|Any CPU.Build.0 = Release|Any CPU
		{423C5654-D876-46F2-BA29-1647F818188A}.Release|Any CPU.Deploy.0 = Release|Any CPU
		{423C5654-D876-46F2-BA29-1647F818188A}.Release|iPhone.ActiveCfg = Release|Any CPU
		{423C5654-D876-46F2-BA29-1647F818188A}.Release|iPhone.Build.0 = Release|Any CPU
		{423C5654-D876-46F2-BA29-1647F818188A}.Release|iPhone.Deploy.0 = Release|Any CPU
		{423C5654-D876-46F2-BA29-1647F818188A}.Release|iPhoneSimulator.ActiveCfg = Release|Any CPU
		{423C5654-D876-46F2-BA29-1647F818188A}.Release|iPhoneSimulator.Build.0 = Release|Any CPU
		{423C5654-D876-46F2-BA29-1647F818188A}.Release|iPhoneSimulator.Deploy.0 = Release|Any CPU
	EndGlobalSection
	GlobalSection(SolutionProperties) = preSolution
		HideSolutionNode = FALSE
	EndGlobalSection
	GlobalSection(ExtensibilityGlobals) = postSolution
		SolutionGuid = {E844ACED-A153-4284-AEF3-81E2C6BEAC37}
	EndGlobalSection
EndGlobal
